<Solution>
  <Project Path="eng/RepositoryFiles/RepositoryFiles.csproj" />
  <Folder Name="/src/">
    <Project Path="src/MuLang.Compiler/MuLang.Compiler.csproj" />
    <Project Path="src/MuLang.Core/MuLang.Core.csproj" />
    <Project Path="src/MuLang.Exporters.DotNet/MuLang.Exporters.DotNet.csproj" />
    <Project Path="src/MuLang.IR/MuLang.IR.csproj" />
    <Project Path="src/MuLang.StandardLibrary.DotNet/MuLang.StandardLibrary.DotNet.csproj" />
    <Project Path="src/MuLang.StandardLibrary/MuLang.StandardLibrary.csproj" />
  </Folder>
  <Folder Name="/tests/">
    <Project Path="tests/MuLang.TestSupport/MuLang.TestSupport.csproj" />
    <Project Path="tests/MuLang.Compiler.Tests/MuLang.Compiler.Tests.csproj" />
    <Project Path="tests/MuLang.Core.Tests/MuLang.Core.Tests.csproj" />
    <Project Path="tests/MuLang.Exporters.DotNet.Tests/MuLang.Exporters.DotNet.Tests.csproj" />
    <Project Path="tests/MuLang.IR.Tests/MuLang.IR.Tests.csproj" />
    <Project Path="tests/MuLang.StandardLibrary.DotNet.Tests/MuLang.StandardLibrary.DotNet.Tests.csproj" />
    <Project Path="tests/MuLang.StandardLibrary.Tests/MuLang.StandardLibrary.Tests.csproj" />
  </Folder>
</Solution>
