<Solution>
  <Folder Name="/Solution Items/">
    <File Path=".gitignore" />
    <File Path=".config/dotnet-tools.json" />
    <File Path="Directory.Build.props" />
    <File Path="Directory.Build.targets" />
    <File Path="global.json" />
    <File Path="CHANGELOG.md" />
    <File Path="LICENSE" />
    <File Path="README.md" />
  </Folder>
  <Folder Name="/Solution Items/.github/agents/">
    <File Path=".github/agents/release-changelog.agent.md" />
  </Folder>
  <Folder Name="/Solution Items/.github/" />
  <Folder Name="/Solution Items/.github/workflows/">
    <File Path=".github/workflows/documentation.yml" />
    <File Path=".github/workflows/publish.yml" />
    <File Path=".github/workflows/verify-package.yml" />
  </Folder>
  <Folder Name="/Solution Items/.github/instructions/">
    <File Path=".github/instructions/csharp.instructions.md" />
    <File Path=".github/instructions/general.instructions.md" />
  </Folder>
  <Folder Name="/Solution Items/docs/">
    <File Path="docs/author-notes.tmp.md" />
    <File Path="docs/docfx.json" />
    <File Path="docs/package-readiness.tmp.md" />
  </Folder>
  <Folder Name="/Solution Items/docs/public/">
    <File Path="docs/public/examples.md" />
    <File Path="docs/public/index.md" />
    <File Path="docs/public/toc.yml" />
  </Folder>
  <Folder Name="/Solution Items/docs/public/language/">
    <File Path="docs/public/language/01-design-goals.md" />
    <File Path="docs/public/language/02-non-goals.md" />
    <File Path="docs/public/language/03-compilation-modes.md" />
    <File Path="docs/public/language/04-source-text.md" />
    <File Path="docs/public/language/05-lexical-structure.md" />
    <File Path="docs/public/language/06-grammar-conventions.md" />
    <File Path="docs/public/language/07-types.md" />
    <File Path="docs/public/language/08-assignability-and-conversions.md" />
    <File Path="docs/public/language/09-variables-and-scope.md" />
    <File Path="docs/public/language/10-expressions.md" />
    <File Path="docs/public/language/11-operators.md" />
    <File Path="docs/public/language/12-statements.md" />
    <File Path="docs/public/language/13-provider-environment.md" />
    <File Path="docs/public/language/14-runtime-value-adapters.md" />
    <File Path="docs/public/language/15-runtime-errors.md" />
    <File Path="docs/public/language/16-execution-controls.md" />
    <File Path="docs/public/language/17-diagnostics.md" />
    <File Path="docs/public/language/18-language-profiles.md" />
    <File Path="docs/public/language/19-portable-intermediate-representation.md" />
    <File Path="docs/public/language/20-grammar-summary.md" />
    <File Path="docs/public/language/21-draft-review-decisions.md" />
    <File Path="docs/public/language/index.md" />
    <File Path="docs/public/language/toc.yml" />
  </Folder>
  <Folder Name="/Solution Items/eng/">
    <File Path="eng/Verify-Package.ps1" />
  </Folder>
  <Folder Name="/src/">
    <Project Path="src/MuLang/MuLang.csproj" />
  </Folder>
  <Folder Name="/tests/">
    <Project Path="tests/MuLang.Tests/MuLang.Tests.csproj" />
  </Folder>
</Solution>
