{
  "version": 1,
  "dependencies": {
    "net10.0": {
      "mulang.compiler": {
        "type": "Project",
        "dependencies": {
          "MuLang.IR": "[1.0.0, )"
        }
      },
      "mulang.exporters.dotnet": {
        "type": "Project",
        "dependencies": {
          "MuLang.IR": "[1.0.0, )"
        }
      },
      "mulang.ir": {
        "type": "Project"
      }
    }
  }
}